{
  "nodes": {
    "nixpkgs": {
      "locked": {
        "lastModified": 1729557910,
        "narHash": "sha256-IyF4CnD/wgpgfGSJjcWvdOaY79ZpWW1uR1ivu5Ns2RU=",
        "owner": "rstats-on-nix",
        "repo": "nixpkgs",
        "rev": "c2a9a8c6b785e80d0188c29f2dc9f1870c95b812",
        "type": "github"
      },
      "original": {
        "owner": "rstats-on-nix",
        "repo": "nixpkgs",
        "rev": "c2a9a8c6b785e80d0188c29f2dc9f1870c95b812",
        "type": "github"
      }
    },
    "root": {
      "inputs": {
        "nixpkgs": "nixpkgs"
      }
    }
  },
  "root": "root",
  "version": 7
}
